
Microsoft Visual Studio Solution File, Format Version 12.00
# Visual Studio Version 17
VisualStudioVersion = 17.1.32228.430
MinimumVisualStudioVersion = 10.0.40219.1
Project("{9A19103F-16F7-4668-BE54-9A1E7A4F7556}") = "RealizadorDePing", "RealizadorDePing.csproj", "{39BE898F-49CA-4FC5-ABFE-45E3C1661546}"
EndProject
Project("{54435603-DBB4-11D2-8724-00A0C9A8B90C}") = "RealizadorDePingSetup", "..\RealizadorDePingSetup\RealizadorDePingSetup.vdproj", "{6CCB1DD5-5789-4A1F-A773-A08C4E5E0DA8}"
EndProject
Global
	GlobalSection(SolutionConfigurationPlatforms) = preSolution
		Debug|Any CPU = Debug|Any CPU
		Release|Any CPU = Release|Any CPU
	EndGlobalSection
	GlobalSection(ProjectConfigurationPlatforms) = postSolution
		{39BE898F-49CA-4FC5-ABFE-45E3C1661546}.Debug|Any CPU.ActiveCfg = Debug|Any CPU
		{39BE898F-49CA-4FC5-ABFE-45E3C1661546}.Debug|Any CPU.Build.0 = Debug|Any CPU
		{39BE898F-49CA-4FC5-ABFE-45E3C1661546}.Release|Any CPU.ActiveCfg = Release|Any CPU
		{39BE898F-49CA-4FC5-ABFE-45E3C1661546}.Release|Any CPU.Build.0 = Release|Any CPU
		{6CCB1DD5-5789-4A1F-A773-A08C4E5E0DA8}.Debug|Any CPU.ActiveCfg = Debug
		{6CCB1DD5-5789-4A1F-A773-A08C4E5E0DA8}.Release|Any CPU.ActiveCfg = Release
	EndGlobalSection
	GlobalSection(SolutionProperties) = preSolution
		HideSolutionNode = FALSE
	EndGlobalSection
	GlobalSection(ExtensibilityGlobals) = postSolution
		SolutionGuid = {CD20789F-1F98-4F16-B88E-2D1DE4490631}
	EndGlobalSection
EndGlobal
